
Microsoft Visual Studio Solution File, Format Version 12.00
# Visual Studio Version 17
VisualStudioVersion = 17.1.32210.238
MinimumVisualStudioVersion = 10.0.40219.1
Project("{FAE04EC0-301F-11D3-BF4B-00C04F79EFBC}") = "Scheduler2", "Scheduler2\Scheduler2.csproj", "{59C8711F-ABF7-4213-956E-5562F23A089A}"
EndProject
Global
	GlobalSection(SolutionConfigurationPlatforms) = preSolution
		Debug|Any CPU = Debug|Any CPU
		Release|Any CPU = Release|Any CPU
	EndGlobalSection
	GlobalSection(ProjectConfigurationPlatforms) = postSolution
		{59C8711F-ABF7-4213-956E-5562F23A089A}.Debug|Any CPU.ActiveCfg = Debug|Any CPU
		{59C8711F-ABF7-4213-956E-5562F23A089A}.Debug|Any CPU.Build.0 = Debug|Any CPU
		{59C8711F-ABF7-4213-956E-5562F23A089A}.Release|Any CPU.ActiveCfg = Release|Any CPU
		{59C8711F-ABF7-4213-956E-5562F23A089A}.Release|Any CPU.Build.0 = Release|Any CPU
	EndGlobalSection
	GlobalSection(SolutionProperties) = preSolution
		HideSolutionNode = FALSE
	EndGlobalSection
	GlobalSection(ExtensibilityGlobals) = postSolution
		SolutionGuid = {28C50EE4-811C-46FB-8A5A-0E3F7D04C247}
	EndGlobalSection
EndGlobal
